Microsoft Visual Studio Solution File, Format Version 12.00
# Visual Studio Version 17
VisualStudioVersion = 17.12.35527.113
MinimumVisualStudioVersion = 10.0.40219.1
Project("{FAE04EC0-301F-11D3-BF4B-00C04F79EFBC}") = "AspireApp2.AppHost", "AspireApp2.AppHost\AspireApp2.AppHost.csproj", "{33C7EEC9-3175-4776-8216-97A115BA4EFD}"
EndProject
Project("{FAE04EC0-301F-11D3-BF4B-00C04F79EFBC}") = "AspireApp2.ServiceDefaults", "AspireApp2.ServiceDefaults\AspireApp2.ServiceDefaults.csproj", "{D0F3E73E-BB52-4DE0-98F0-CEEFE89928D0}"
EndProject
Project("{FAE04EC0-301F-11D3-BF4B-00C04F79EFBC}") = "WebApplication1", "WebApplication1\WebApplication1.csproj", "{F9AFC025-E9B1-45FD-AF5B-2306B05BD10B}"
EndProject
Project("{FAE04EC0-301F-11D3-BF4B-00C04F79EFBC}") = "WorkerService1", "WorkerService1\WorkerService1.csproj", "{9A011D7C-A4C4-4282-9518-47C1F2FCBE4E}"
EndProject
Global
	GlobalSection(SolutionConfigurationPlatforms) = preSolution
		Debug|Any CPU = Debug|Any CPU
		Release|Any CPU = Release|Any CPU
	EndGlobalSection
	GlobalSection(ProjectConfigurationPlatforms) = postSolution
		{33C7EEC9-3175-4776-8216-97A115BA4EFD}.Debug|Any CPU.ActiveCfg = Debug|Any CPU
		{33C7EEC9-3175-4776-8216-97A115BA4EFD}.Debug|Any CPU.Build.0 = Debug|Any CPU
		{33C7EEC9-3175-4776-8216-97A115BA4EFD}.Release|Any CPU.ActiveCfg = Release|Any CPU
		{33C7EEC9-3175-4776-8216-97A115BA4EFD}.Release|Any CPU.Build.0 = Release|Any CPU
		{D0F3E73E-BB52-4DE0-98F0-CEEFE89928D0}.Debug|Any CPU.ActiveCfg = Debug|Any CPU
		{D0F3E73E-BB52-4DE0-98F0-CEEFE89928D0}.Debug|Any CPU.Build.0 = Debug|Any CPU
		{D0F3E73E-BB52-4DE0-98F0-CEEFE89928D0}.Release|Any CPU.ActiveCfg = Release|Any CPU
		{D0F3E73E-BB52-4DE0-98F0-CEEFE89928D0}.Release|Any CPU.Build.0 = Release|Any CPU
		{F9AFC025-E9B1-45FD-AF5B-2306B05BD10B}.Debug|Any CPU.ActiveCfg = Debug|Any CPU
		{F9AFC025-E9B1-45FD-AF5B-2306B05BD10B}.Debug|Any CPU.Build.0 = Debug|Any CPU
		{F9AFC025-E9B1-45FD-AF5B-2306B05BD10B}.Release|Any CPU.ActiveCfg = Release|Any CPU
		{F9AFC025-E9B1-45FD-AF5B-2306B05BD10B}.Release|Any CPU.Build.0 = Release|Any CPU
		{9A011D7C-A4C4-4282-9518-47C1F2FCBE4E}.Debug|Any CPU.ActiveCfg = Debug|Any CPU
		{9A011D7C-A4C4-4282-9518-47C1F2FCBE4E}.Debug|Any CPU.Build.0 = Debug|Any CPU
		{9A011D7C-A4C4-4282-9518-47C1F2FCBE4E}.Release|Any CPU.ActiveCfg = Release|Any CPU
		{9A011D7C-A4C4-4282-9518-47C1F2FCBE4E}.Release|Any CPU.Build.0 = Release|Any CPU
	EndGlobalSection
	GlobalSection(SolutionProperties) = preSolution
		HideSolutionNode = FALSE
	EndGlobalSection
EndGlobal
